
Microsoft Visual Studio Solution File, Format Version 12.00
# Visual Studio 15
VisualStudioVersion = 15.0.28307.1000
MinimumVisualStudioVersion = 10.0.40219.1
Project("{FAE04EC0-301F-11D3-BF4B-00C04F79EFBC}") = "Plugins", "Plugins\Plugins.csproj", "{474F7701-4419-48DA-B8EA-0528199792AF}"
EndProject
Global
	GlobalSection(SolutionConfigurationPlatforms) = preSolution
		Debug|Any CPU = Debug|Any CPU
		Release|Any CPU = Release|Any CPU
	EndGlobalSection
	GlobalSection(ProjectConfigurationPlatforms) = postSolution
		{474F7701-4419-48DA-B8EA-0528199792AF}.Debug|Any CPU.ActiveCfg = Debug|Any CPU
		{474F7701-4419-48DA-B8EA-0528199792AF}.Debug|Any CPU.Build.0 = Debug|Any CPU
		{474F7701-4419-48DA-B8EA-0528199792AF}.Release|Any CPU.ActiveCfg = Release|Any CPU
		{474F7701-4419-48DA-B8EA-0528199792AF}.Release|Any CPU.Build.0 = Release|Any CPU
	EndGlobalSection
	GlobalSection(SolutionProperties) = preSolution
		HideSolutionNode = FALSE
	EndGlobalSection
	GlobalSection(ExtensibilityGlobals) = postSolution
		SolutionGuid = {0AFAABB2-1F64-4842-95EA-B1DAA4AD889F}
	EndGlobalSection
EndGlobal
